
Microsoft Visual Studio Solution File, Format Version 12.00
# Visual Studio Version 17
VisualStudioVersion = 17.5.33502.453
MinimumVisualStudioVersion = 10.0.40219.1
Project("{9A19103F-16F7-4668-BE54-9A1E7A4F7556}") = "HotelverwaltungKlassenbib", "HotelverwaltungKlassenbib\HotelverwaltungKlassenbib.csproj", "{9E29D7DA-C98E-4F3A-9A89-FB65F5293A6A}"
EndProject
Project("{9A19103F-16F7-4668-BE54-9A1E7A4F7556}") = "API", "API\API.csproj", "{F7B1210A-F010-4D58-B4BA-58DC1397AF13}"
EndProject
Project("{FAE04EC0-301F-11D3-BF4B-00C04F79EFBC}") = "WebApplicationHotel", "WebApplicationHotel\WebApplicationHotel.csproj", "{24FDA519-6E77-4967-9A8E-20CA2C4DCDD9}"
EndProject
Global
	GlobalSection(SolutionConfigurationPlatforms) = preSolution
		Debug|Any CPU = Debug|Any CPU
		Release|Any CPU = Release|Any CPU
	EndGlobalSection
	GlobalSection(ProjectConfigurationPlatforms) = postSolution
		{9E29D7DA-C98E-4F3A-9A89-FB65F5293A6A}.Debug|Any CPU.ActiveCfg = Debug|Any CPU
		{9E29D7DA-C98E-4F3A-9A89-FB65F5293A6A}.Debug|Any CPU.Build.0 = Debug|Any CPU
		{9E29D7DA-C98E-4F3A-9A89-FB65F5293A6A}.Release|Any CPU.ActiveCfg = Release|Any CPU
		{9E29D7DA-C98E-4F3A-9A89-FB65F5293A6A}.Release|Any CPU.Build.0 = Release|Any CPU
		{F7B1210A-F010-4D58-B4BA-58DC1397AF13}.Debug|Any CPU.ActiveCfg = Debug|Any CPU
		{F7B1210A-F010-4D58-B4BA-58DC1397AF13}.Debug|Any CPU.Build.0 = Debug|Any CPU
		{F7B1210A-F010-4D58-B4BA-58DC1397AF13}.Release|Any CPU.ActiveCfg = Release|Any CPU
		{F7B1210A-F010-4D58-B4BA-58DC1397AF13}.Release|Any CPU.Build.0 = Release|Any CPU
		{24FDA519-6E77-4967-9A8E-20CA2C4DCDD9}.Debug|Any CPU.ActiveCfg = Debug|Any CPU
		{24FDA519-6E77-4967-9A8E-20CA2C4DCDD9}.Debug|Any CPU.Build.0 = Debug|Any CPU
		{24FDA519-6E77-4967-9A8E-20CA2C4DCDD9}.Debug|Any CPU.Deploy.0 = Debug|Any CPU
		{24FDA519-6E77-4967-9A8E-20CA2C4DCDD9}.Release|Any CPU.ActiveCfg = Release|Any CPU
		{24FDA519-6E77-4967-9A8E-20CA2C4DCDD9}.Release|Any CPU.Build.0 = Release|Any CPU
		{24FDA519-6E77-4967-9A8E-20CA2C4DCDD9}.Release|Any CPU.Deploy.0 = Release|Any CPU
	EndGlobalSection
	GlobalSection(SolutionProperties) = preSolution
		HideSolutionNode = FALSE
	EndGlobalSection
	GlobalSection(ExtensibilityGlobals) = postSolution
		SolutionGuid = {9016020E-4F4B-432B-A6E3-A1126320F40C}
	EndGlobalSection
EndGlobal
